{
  "nodes": {
    "blog": {
      "inputs": {
        "nixpkgs": "nixpkgs"
      },
      "locked": {
        "lastModified": 1713167257,
        "narHash": "sha256-oQUj0SfxNrICnxl5xJ4KJ3tnKZrZIPeK5KW7srH3Lj8=",
        "owner": "willmcpherson2",
        "repo": "blog",
        "rev": "73fcac8b8985372040ae4350474533a2087af728",
        "type": "github"
      },
      "original": {
        "owner": "willmcpherson2",
        "repo": "blog",
        "rev": "73fcac8b8985372040ae4350474533a2087af728",
        "type": "github"
      }
    },
    "jmusic": {
      "inputs": {
        "nixpkgs": "nixpkgs_2"
      },
      "locked": {
        "lastModified": 1721296944,
        "narHash": "sha256-B2PPcq1erCUV1I3YFqhC0B9n5G9rVSmfOGn2/S4uSeo=",
        "ref": "refs/heads/main",
        "rev": "08642b8d0aa041b4880025ca26d0b5ad138e37f9",
        "revCount": 12,
        "type": "git",
        "url": "ssh://git@github.com/willmcpherson2/jmusic"
      },
      "original": {
        "rev": "08642b8d0aa041b4880025ca26d0b5ad138e37f9",
        "type": "git",
        "url": "ssh://git@github.com/willmcpherson2/jmusic"
      }
    },
    "letscape": {
      "inputs": {
        "nixpkgs": "nixpkgs_3"
      },
      "locked": {
        "lastModified": 1713168415,
        "narHash": "sha256-/wq9rAYqDLEV5Va61+caLveJjy4pIqWFFV/EWkEroOk=",
        "owner": "willmcpherson2",
        "repo": "letscape",
        "rev": "96102b8a3f941e6eb29de407df6b7679a15746ea",
        "type": "github"
      },
      "original": {
        "owner": "willmcpherson2",
        "repo": "letscape",
        "rev": "96102b8a3f941e6eb29de407df6b7679a15746ea",
        "type": "github"
      }
    },
    "nixpkgs": {
      "locked": {
        "lastModified": 1712867921,
        "narHash": "sha256-edTFV4KldkCMdViC/rmpJa7oLIU8SE/S35lh/ukC7bg=",
        "owner": "nixos",
        "repo": "nixpkgs",
        "rev": "51651a540816273b67bc4dedea2d37d116c5f7fe",
        "type": "github"
      },
      "original": {
        "owner": "nixos",
        "ref": "nixos-23.11",
        "repo": "nixpkgs",
        "type": "github"
      }
    },
    "nixpkgs_2": {
      "locked": {
        "lastModified": 1712867921,
        "narHash": "sha256-edTFV4KldkCMdViC/rmpJa7oLIU8SE/S35lh/ukC7bg=",
        "owner": "nixos",
        "repo": "nixpkgs",
        "rev": "51651a540816273b67bc4dedea2d37d116c5f7fe",
        "type": "github"
      },
      "original": {
        "owner": "nixos",
        "ref": "nixos-23.11",
        "repo": "nixpkgs",
        "type": "github"
      }
    },
    "nixpkgs_3": {
      "locked": {
        "lastModified": 1712867921,
        "narHash": "sha256-edTFV4KldkCMdViC/rmpJa7oLIU8SE/S35lh/ukC7bg=",
        "owner": "nixos",
        "repo": "nixpkgs",
        "rev": "51651a540816273b67bc4dedea2d37d116c5f7fe",
        "type": "github"
      },
      "original": {
        "owner": "nixos",
        "ref": "nixos-23.11",
        "repo": "nixpkgs",
        "type": "github"
      }
    },
    "nixpkgs_4": {
      "locked": {
        "lastModified": 1712867921,
        "narHash": "sha256-edTFV4KldkCMdViC/rmpJa7oLIU8SE/S35lh/ukC7bg=",
        "owner": "nixos",
        "repo": "nixpkgs",
        "rev": "51651a540816273b67bc4dedea2d37d116c5f7fe",
        "type": "github"
      },
      "original": {
        "owner": "nixos",
        "ref": "nixos-23.11",
        "repo": "nixpkgs",
        "type": "github"
      }
    },
    "root": {
      "inputs": {
        "blog": "blog",
        "jmusic": "jmusic",
        "letscape": "letscape",
        "nixpkgs": "nixpkgs_4"
      }
    }
  },
  "root": "root",
  "version": 7
}
